{
  "version": 4,
  "terraform_version": "1.4.6",
  "serial": 3,
  "lineage": "91af1889-f625-67c1-384a-061fe0f0dc35",
  "outputs": {},
  "resources": [
    {
      "mode": "managed",
      "type": "local_file",
      "name": "intro",
      "provider": "provider[\"registry.terraform.io/hashicorp/local\"]",
      "instances": [
        {
          "schema_version": 0,
          "attributes": {
            "content": "Hi, my name is prithvi",
            "content_base64": null,
            "content_base64sha256": "rRdUqd3mtL6V5+atq5AGppAYiq0x5Z9TXJ7z/hRVALo=",
            "content_base64sha512": "DwE+V5ep+YTD6h48w6rdtYWfFhArVk10n/+I1sJhKRTANnainR5ASTX7j4AhiF1y4frWfMfNym6zdOUFDhaBtQ==",
            "content_md5": "62f49f795c1b09a8629eb73be9be3d9c",
            "content_sha1": "7b0490bd118adaa58cc4fac14409e83c0b933791",
            "content_sha256": "ad1754a9dde6b4be95e7e6adab9006a690188aad31e59f535c9ef3fe145500ba",
            "content_sha512": "0f013e5797a9f984c3ea1e3cc3aaddb5859f16102b564d749fff88d6c2612914c03676a29d1e404935fb8f8021885d72e1fad67cc7cdca6eb374e5050e1681b5",
            "directory_permission": "0777",
            "file_permission": "0777",
            "filename": "/home/prithvi/terraform-practice/practice_1/hello.txt",
            "id": "7b0490bd118adaa58cc4fac14409e83c0b933791",
            "sensitive_content": null,
            "source": null
          },
          "sensitive_attributes": []
        }
      ]
    }
  ],
  "check_results": null
}
