{
  "version": 4,
  "terraform_version": "1.4.6",
  "serial": 1,
  "lineage": "fe801f82-afef-965b-151e-56470bde5bb7",
  "outputs": {},
  "resources": [
    {
      "mode": "data",
      "type": "local_file",
      "name": "dog",
      "provider": "provider[\"registry.terraform.io/hashicorp/local\"]",
      "instances": [
        {
          "schema_version": 0,
          "attributes": {
            "content": "Hi! there this is sample.txt !!!",
            "content_base64": "SGkhIHRoZXJlIHRoaXMgaXMgc2FtcGxlLnR4dCAhISE=",
            "content_base64sha256": "FbwB99818LiXIxx7Ry26pQ7J1XjOPJPO0Pirw7cVztc=",
            "content_base64sha512": "AwPVGk1mrMlmRkS8mKyqQXXVoriO5j1RGgMNKq1gB74pIAwzJGiehmf7sN1zy28cHgCFDx2QGQV11DCVGHEcVA==",
            "content_md5": "47e217007edd30f140cd8055ac9c49fd",
            "content_sha1": "a2237e8c1d5248768a1ad2444786c694a5c9f6a1",
            "content_sha256": "15bc01f7df35f0b897231c7b472dbaa50ec9d578ce3c93ced0f8abc3b715ced7",
            "content_sha512": "0303d51a4d66acc9664644bc98acaa4175d5a2b88ee63d511a030d2aad6007be29200c3324689e8667fbb0dd73cb6f1c1e00850f1d90190575d4309518711c54",
            "filename": "/home/prithvi/terraform-practice/practice_6/sample.txt",
            "id": "a2237e8c1d5248768a1ad2444786c694a5c9f6a1"
          },
          "sensitive_attributes": []
        }
      ]
    },
    {
      "mode": "managed",
      "type": "local_sensitive_file",
      "name": "pet",
      "provider": "provider[\"registry.terraform.io/hashicorp/local\"]",
      "instances": [
        {
          "schema_version": 0,
          "attributes": {
            "content": "Hi! there this is sample.txt !!!",
            "content_base64": null,
            "content_base64sha256": "FbwB99818LiXIxx7Ry26pQ7J1XjOPJPO0Pirw7cVztc=",
            "content_base64sha512": "AwPVGk1mrMlmRkS8mKyqQXXVoriO5j1RGgMNKq1gB74pIAwzJGiehmf7sN1zy28cHgCFDx2QGQV11DCVGHEcVA==",
            "content_md5": "47e217007edd30f140cd8055ac9c49fd",
            "content_sha1": "a2237e8c1d5248768a1ad2444786c694a5c9f6a1",
            "content_sha256": "15bc01f7df35f0b897231c7b472dbaa50ec9d578ce3c93ced0f8abc3b715ced7",
            "content_sha512": "0303d51a4d66acc9664644bc98acaa4175d5a2b88ee63d511a030d2aad6007be29200c3324689e8667fbb0dd73cb6f1c1e00850f1d90190575d4309518711c54",
            "directory_permission": "0700",
            "file_permission": "0700",
            "filename": "/home/prithvi/terraform-practice/practice_6/pets.txt",
            "id": "a2237e8c1d5248768a1ad2444786c694a5c9f6a1",
            "source": null
          },
          "sensitive_attributes": [],
          "dependencies": [
            "data.local_file.dog"
          ]
        }
      ]
    }
  ],
  "check_results": null
}
